// !$*UTF8*$!
{
	archiveVersion = 1;
	classes = {
	};
	objectVersion = 46;
	objects = {

/* Begin PBXFileReference section */
		0EB6ABDC180EAAFE00EDDB76 /* LOCAL_anim.py */ = {isa = PBXFileReference; lastKnownFileType = text.script.python; path = LOCAL_anim.py; sourceTree = "<group>"; };
		0EE9D07B180C31DF0046AB83 /* mpi_compiler */ = {isa = PBXFileReference; lastKnownFileType = text; path = mpi_compiler; sourceTree = "<group>"; };
		0EE9D07D180C31DF0046AB83 /* cms.f90 */ = {isa = PBXFileReference; lastKnownFileType = sourcecode.fortran.f90; path = cms.f90; sourceTree = "<group>"; };
		0EE9D07E180C31DF0046AB83 /* dealloc.f90 */ = {isa = PBXFileReference; lastKnownFileType = sourcecode.fortran.f90; path = dealloc.f90; sourceTree = "<group>"; };
		0EE9D07F180C31DF0046AB83 /* def_constants.f90 */ = {isa = PBXFileReference; lastKnownFileType = sourcecode.fortran.f90; path = def_constants.f90; sourceTree = "<group>"; };
		0EE9D080180C31DF0046AB83 /* def_globalvariables.f90 */ = {isa = PBXFileReference; lastKnownFileType = sourcecode.fortran.f90; path = def_globalvariables.f90; sourceTree = "<group>"; };
		0EE9D081180C31DF0046AB83 /* def_nests.f90 */ = {isa = PBXFileReference; lastKnownFileType = sourcecode.fortran.f90; path = def_nests.f90; sourceTree = "<group>"; };
		0EE9D082180C31DF0046AB83 /* def_particle.f90 */ = {isa = PBXFileReference; lastKnownFileType = sourcecode.fortran.f90; path = def_particle.f90; sourceTree = "<group>"; };
		0EE9D083180C31DF0046AB83 /* findnest.f90 */ = {isa = PBXFileReference; lastKnownFileType = sourcecode.fortran.f90; path = findnest.f90; sourceTree = "<group>"; };
		0EE9D084180C31DF0046AB83 /* fldinterp.f90 */ = {isa = PBXFileReference; lastKnownFileType = sourcecode.fortran.f90; path = fldinterp.f90; sourceTree = "<group>"; };
		0EE9D085180C31DF0046AB83 /* getdata.f90 */ = {isa = PBXFileReference; lastKnownFileType = sourcecode.fortran.f90; path = getdata.f90; sourceTree = "<group>"; };
		0EE9D086180C31DF0046AB83 /* getfilename.f90 */ = {isa = PBXFileReference; lastKnownFileType = sourcecode.fortran.f90; path = getfilename.f90; sourceTree = "<group>"; };
		0EE9D087180C31DF0046AB83 /* getnestinfo.f90 */ = {isa = PBXFileReference; lastKnownFileType = sourcecode.fortran.f90; path = getnestinfo.f90; sourceTree = "<group>"; };
		0EE9D088180C31DF0046AB83 /* getphysicaldata.f90 */ = {isa = PBXFileReference; lastKnownFileType = sourcecode.fortran.f90; path = getphysicaldata.f90; sourceTree = "<group>"; };
		0EE9D089180C31DF0046AB83 /* input.f90 */ = {isa = PBXFileReference; lastKnownFileType = sourcecode.fortran.f90; path = input.f90; sourceTree = "<group>"; };
		0EE9D08A180C31DF0046AB83 /* lonlat2ij.f90 */ = {isa = PBXFileReference; lastKnownFileType = sourcecode.fortran.f90; path = lonlat2ij.f90; sourceTree = "<group>"; };
		0EE9D08C180C31DF0046AB83 /* cms */ = {isa = PBXFileReference; lastKnownFileType = file; path = cms; sourceTree = "<group>"; };
		0EE9D08F180C31DF0046AB83 /* data_raw */ = {isa = PBXFileReference; lastKnownFileType = text; path = data_raw; sourceTree = "<group>"; };
		0EE9D090180C31DF0046AB83 /* data_raw.txt */ = {isa = PBXFileReference; lastKnownFileType = text; path = data_raw.txt; sourceTree = "<group>"; };
		0EE9D091180C31DF0046AB83 /* make_dates.py */ = {isa = PBXFileReference; lastKnownFileType = text.script.python; path = make_dates.py; sourceTree = "<group>"; };
		0EE9D093180C31DF0046AB83 /* figure_1.png */ = {isa = PBXFileReference; lastKnownFileType = image.png; path = figure_1.png; sourceTree = "<group>"; };
		0EE9D094180C31DF0046AB83 /* plot_seperate.py */ = {isa = PBXFileReference; lastKnownFileType = text.script.python; path = plot_seperate.py; sourceTree = "<group>"; };
		0EE9D095180C31DF0046AB83 /* plot_traj.py */ = {isa = PBXFileReference; lastKnownFileType = text.script.python; path = plot_traj.py; sourceTree = "<group>"; };
		0EE9D096180C31DF0046AB83 /* plot_traj_depths.py */ = {isa = PBXFileReference; lastKnownFileType = text.script.python; path = plot_traj_depths.py; sourceTree = "<group>"; };
		0EE9D098180C31DF0046AB83 /* restart_file_1.bin */ = {isa = PBXFileReference; lastKnownFileType = archive.macbinary; path = restart_file_1.bin; sourceTree = "<group>"; };
		0EE9D099180C31DF0046AB83 /* restart_file_10.bin */ = {isa = PBXFileReference; lastKnownFileType = archive.macbinary; path = restart_file_10.bin; sourceTree = "<group>"; };
		0EE9D09A180C31DF0046AB83 /* restart_file_11.bin */ = {isa = PBXFileReference; lastKnownFileType = archive.macbinary; path = restart_file_11.bin; sourceTree = "<group>"; };
		0EE9D09B180C31DF0046AB83 /* restart_file_12.bin */ = {isa = PBXFileReference; lastKnownFileType = archive.macbinary; path = restart_file_12.bin; sourceTree = "<group>"; };
		0EE9D09C180C31DF0046AB83 /* restart_file_2.bin */ = {isa = PBXFileReference; lastKnownFileType = archive.macbinary; path = restart_file_2.bin; sourceTree = "<group>"; };
		0EE9D09D180C31DF0046AB83 /* restart_file_3.bin */ = {isa = PBXFileReference; lastKnownFileType = archive.macbinary; path = restart_file_3.bin; sourceTree = "<group>"; };
		0EE9D09E180C31DF0046AB83 /* restart_file_4.bin */ = {isa = PBXFileReference; lastKnownFileType = archive.macbinary; path = restart_file_4.bin; sourceTree = "<group>"; };
		0EE9D09F180C31DF0046AB83 /* restart_file_5.bin */ = {isa = PBXFileReference; lastKnownFileType = archive.macbinary; path = restart_file_5.bin; sourceTree = "<group>"; };
		0EE9D0A0180C31DF0046AB83 /* restart_file_6.bin */ = {isa = PBXFileReference; lastKnownFileType = archive.macbinary; path = restart_file_6.bin; sourceTree = "<group>"; };
		0EE9D0A1180C31DF0046AB83 /* restart_file_7.bin */ = {isa = PBXFileReference; lastKnownFileType = archive.macbinary; path = restart_file_7.bin; sourceTree = "<group>"; };
		0EE9D0A2180C31DF0046AB83 /* restart_file_8.bin */ = {isa = PBXFileReference; lastKnownFileType = archive.macbinary; path = restart_file_8.bin; sourceTree = "<group>"; };
		0EE9D0A3180C31DF0046AB83 /* restart_file_9.bin */ = {isa = PBXFileReference; lastKnownFileType = archive.macbinary; path = restart_file_9.bin; sourceTree = "<group>"; };
		0EE9D0A6180C31DF0046AB83 /* data_raw */ = {isa = PBXFileReference; lastKnownFileType = text; path = data_raw; sourceTree = "<group>"; };
		0EE9D0A7180C31DF0046AB83 /* data_raw.txt */ = {isa = PBXFileReference; lastKnownFileType = text; path = data_raw.txt; sourceTree = "<group>"; };
		0EE9D0A8180C31DF0046AB83 /* make_dates.py */ = {isa = PBXFileReference; lastKnownFileType = text.script.python; path = make_dates.py; sourceTree = "<group>"; };
		0EE9D0AA180C31DF0046AB83 /* figure_1.png */ = {isa = PBXFileReference; lastKnownFileType = image.png; path = figure_1.png; sourceTree = "<group>"; };
		0EE9D0AB180C31DF0046AB83 /* plot_traj.py */ = {isa = PBXFileReference; lastKnownFileType = text.script.python; path = plot_traj.py; sourceTree = "<group>"; };
		0EE9D0AD180C31DF0046AB83 /* restart_file_1.bin */ = {isa = PBXFileReference; lastKnownFileType = archive.macbinary; path = restart_file_1.bin; sourceTree = "<group>"; };
		0EE9D0B0180C31DF0046AB83 /* data_raw */ = {isa = PBXFileReference; lastKnownFileType = text; path = data_raw; sourceTree = "<group>"; };
		0EE9D0B1180C31DF0046AB83 /* data_raw.txt */ = {isa = PBXFileReference; lastKnownFileType = text; path = data_raw.txt; sourceTree = "<group>"; };
		0EE9D0B2180C31DF0046AB83 /* make_dates.py */ = {isa = PBXFileReference; lastKnownFileType = text.script.python; path = make_dates.py; sourceTree = "<group>"; };
		0EE9D0B4180C31DF0046AB83 /* figure_1.png */ = {isa = PBXFileReference; lastKnownFileType = image.png; path = figure_1.png; sourceTree = "<group>"; };
		0EE9D0B5180C31DF0046AB83 /* plot_seperate.py */ = {isa = PBXFileReference; lastKnownFileType = text.script.python; path = plot_seperate.py; sourceTree = "<group>"; };
		0EE9D0B6180C31DF0046AB83 /* plot_traj.py */ = {isa = PBXFileReference; lastKnownFileType = text.script.python; path = plot_traj.py; sourceTree = "<group>"; };
		0EE9D0B7180C31DF0046AB83 /* plot_traj_depths.py */ = {isa = PBXFileReference; lastKnownFileType = text.script.python; path = plot_traj_depths.py; sourceTree = "<group>"; };
		0EE9D0B9180C31DF0046AB83 /* restart_file_1.bin */ = {isa = PBXFileReference; lastKnownFileType = archive.macbinary; path = restart_file_1.bin; sourceTree = "<group>"; };
		0EE9D0BA180C31DF0046AB83 /* getdata */ = {isa = PBXFileReference; lastKnownFileType = file; path = getdata; sourceTree = "<group>"; };
		0EE9D0BC180C31DF0046AB83 /* ibm.list */ = {isa = PBXFileReference; lastKnownFileType = text; path = ibm.list; sourceTree = "<group>"; };
		0EE9D0BD180C31DF0046AB83 /* nest_1.nml */ = {isa = PBXFileReference; lastKnownFileType = text; path = nest_1.nml; sourceTree = "<group>"; };
		0EE9D0BE180C31DF0046AB83 /* releaseFile */ = {isa = PBXFileReference; lastKnownFileType = text; path = releaseFile; sourceTree = "<group>"; };
		0EE9D0BF180C31DF0046AB83 /* releaseFile_new */ = {isa = PBXFileReference; lastKnownFileType = text; path = releaseFile_new; sourceTree = "<group>"; };
		0EE9D0C0180C31DF0046AB83 /* runconf.list */ = {isa = PBXFileReference; lastKnownFileType = text; path = runconf.list; sourceTree = "<group>"; };
		0EE9D0C2180C31DF0046AB83 /* ibm.list */ = {isa = PBXFileReference; lastKnownFileType = text; path = ibm.list; sourceTree = "<group>"; };
		0EE9D0C3180C31DF0046AB83 /* nest_1.nml */ = {isa = PBXFileReference; lastKnownFileType = text; path = nest_1.nml; sourceTree = "<group>"; };
		0EE9D0C4180C31DF0046AB83 /* releaseFile */ = {isa = PBXFileReference; lastKnownFileType = text; path = releaseFile; sourceTree = "<group>"; };
		0EE9D0C5180C31DF0046AB83 /* runconf.list */ = {isa = PBXFileReference; lastKnownFileType = text; path = runconf.list; sourceTree = "<group>"; };
		0EE9D0C7180C31DF0046AB83 /* ibm.list */ = {isa = PBXFileReference; lastKnownFileType = text; path = ibm.list; sourceTree = "<group>"; };
		0EE9D0C8180C31DF0046AB83 /* nest_1.nml */ = {isa = PBXFileReference; lastKnownFileType = text; path = nest_1.nml; sourceTree = "<group>"; };
		0EE9D0C9180C31DF0046AB83 /* releaseFile */ = {isa = PBXFileReference; lastKnownFileType = text; path = releaseFile; sourceTree = "<group>"; };
		0EE9D0CA180C31DF0046AB83 /* releaseFile_AL */ = {isa = PBXFileReference; lastKnownFileType = text; path = releaseFile_AL; sourceTree = "<group>"; };
		0EE9D0CB180C31DF0046AB83 /* releaseFile_both */ = {isa = PBXFileReference; lastKnownFileType = text; path = releaseFile_both; sourceTree = "<group>"; };
		0EE9D0CC180C31DF0046AB83 /* releaseFile_DW1 */ = {isa = PBXFileReference; lastKnownFileType = text; path = releaseFile_DW1; sourceTree = "<group>"; };
		0EE9D0CD180C31DF0046AB83 /* releaseFile_EQ */ = {isa = PBXFileReference; lastKnownFileType = text; path = releaseFile_EQ; sourceTree = "<group>"; };
		0EE9D0CE180C31DF0046AB83 /* releaseFile_NBC */ = {isa = PBXFileReference; lastKnownFileType = text; path = releaseFile_NBC; sourceTree = "<group>"; };
		0EE9D0CF180C31DF0046AB83 /* releaseFile_new */ = {isa = PBXFileReference; lastKnownFileType = text; path = releaseFile_new; sourceTree = "<group>"; };
		0EE9D0D0180C31DF0046AB83 /* releaseFile_STG */ = {isa = PBXFileReference; lastKnownFileType = text; path = releaseFile_STG; sourceTree = "<group>"; };
		0EE9D0D1180C31DF0046AB83 /* runconf.list */ = {isa = PBXFileReference; lastKnownFileType = text; path = runconf.list; sourceTree = "<group>"; };
		0EE9D0D2180C31DF0046AB83 /* testfile */ = {isa = PBXFileReference; lastKnownFileType = text; path = testfile; sourceTree = "<group>"; };
		0EE9D0D4180C31DF0046AB83 /* ibm.list */ = {isa = PBXFileReference; lastKnownFileType = text; path = ibm.list; sourceTree = "<group>"; };
		0EE9D0D5180C31DF0046AB83 /* nest_1.nml */ = {isa = PBXFileReference; lastKnownFileType = text; path = nest_1.nml; sourceTree = "<group>"; };
		0EE9D0D6180C31DF0046AB83 /* nest_x.nml */ = {isa = PBXFileReference; lastKnownFileType = text; path = nest_x.nml; sourceTree = "<group>"; };
		0EE9D0D7180C31DF0046AB83 /* releaseFile */ = {isa = PBXFileReference; lastKnownFileType = text; path = releaseFile; sourceTree = "<group>"; };
		0EE9D0D8180C31DF0046AB83 /* releaseFile_new */ = {isa = PBXFileReference; lastKnownFileType = text; path = releaseFile_new; sourceTree = "<group>"; };
		0EE9D0D9180C31DF0046AB83 /* runconf.list */ = {isa = PBXFileReference; lastKnownFileType = text; path = runconf.list; sourceTree = "<group>"; };
		0EE9D0DB180C31DF0046AB83 /* ibm.list */ = {isa = PBXFileReference; lastKnownFileType = text; path = ibm.list; sourceTree = "<group>"; };
		0EE9D0DC180C31DF0046AB83 /* nest_1.nml */ = {isa = PBXFileReference; lastKnownFileType = text; path = nest_1.nml; sourceTree = "<group>"; };
		0EE9D0DD180C31DF0046AB83 /* nest_x.nml */ = {isa = PBXFileReference; lastKnownFileType = text; path = nest_x.nml; sourceTree = "<group>"; };
		0EE9D0DE180C31DF0046AB83 /* releaseFile */ = {isa = PBXFileReference; lastKnownFileType = text; path = releaseFile; sourceTree = "<group>"; };
		0EE9D0DF180C31DF0046AB83 /* releaseFile_new */ = {isa = PBXFileReference; lastKnownFileType = text; path = releaseFile_new; sourceTree = "<group>"; };
		0EE9D0E0180C31DF0046AB83 /* runconf.list */ = {isa = PBXFileReference; lastKnownFileType = text; path = runconf.list; sourceTree = "<group>"; };
		0EE9D0E2180C31DF0046AB83 /* ibm.list */ = {isa = PBXFileReference; lastKnownFileType = text; path = ibm.list; sourceTree = "<group>"; };
		0EE9D0E3180C31DF0046AB83 /* nest_1.nml */ = {isa = PBXFileReference; lastKnownFileType = text; path = nest_1.nml; sourceTree = "<group>"; };
		0EE9D0E4180C31DF0046AB83 /* nest_x.nml */ = {isa = PBXFileReference; lastKnownFileType = text; path = nest_x.nml; sourceTree = "<group>"; };
		0EE9D0E5180C31DF0046AB83 /* releaseFile */ = {isa = PBXFileReference; lastKnownFileType = text; path = releaseFile; sourceTree = "<group>"; };
		0EE9D0E6180C31DF0046AB83 /* releaseFile_new */ = {isa = PBXFileReference; lastKnownFileType = text; path = releaseFile_new; sourceTree = "<group>"; };
		0EE9D0E7180C31DF0046AB83 /* runconf.list */ = {isa = PBXFileReference; lastKnownFileType = text; path = runconf.list; sourceTree = "<group>"; };
		0EE9D0E9180C31DF0046AB83 /* ibm.list */ = {isa = PBXFileReference; lastKnownFileType = text; path = ibm.list; sourceTree = "<group>"; };
		0EE9D0EA180C31DF0046AB83 /* nest_1.nml */ = {isa = PBXFileReference; lastKnownFileType = text; path = nest_1.nml; sourceTree = "<group>"; };
		0EE9D0EB180C31DF0046AB83 /* releaseFile */ = {isa = PBXFileReference; lastKnownFileType = text; path = releaseFile; sourceTree = "<group>"; };
		0EE9D0EC180C31DF0046AB83 /* releaseFile_AL */ = {isa = PBXFileReference; lastKnownFileType = text; path = releaseFile_AL; sourceTree = "<group>"; };
		0EE9D0ED180C31DF0046AB83 /* releaseFile_both */ = {isa = PBXFileReference; lastKnownFileType = text; path = releaseFile_both; sourceTree = "<group>"; };
		0EE9D0EE180C31DF0046AB83 /* releaseFile_DW1 */ = {isa = PBXFileReference; lastKnownFileType = text; path = releaseFile_DW1; sourceTree = "<group>"; };
		0EE9D0EF180C31DF0046AB83 /* releaseFile_EQ */ = {isa = PBXFileReference; lastKnownFileType = text; path = releaseFile_EQ; sourceTree = "<group>"; };
		0EE9D0F0180C31DF0046AB83 /* releaseFile_NBC */ = {isa = PBXFileReference; lastKnownFileType = text; path = releaseFile_NBC; sourceTree = "<group>"; };
		0EE9D0F1180C31DF0046AB83 /* releaseFile_new */ = {isa = PBXFileReference; lastKnownFileType = text; path = releaseFile_new; sourceTree = "<group>"; };
		0EE9D0F2180C31DF0046AB83 /* releaseFile_SGT */ = {isa = PBXFileReference; lastKnownFileType = text; path = releaseFile_SGT; sourceTree = "<group>"; };
		0EE9D0F3180C31DF0046AB83 /* runconf.list */ = {isa = PBXFileReference; lastKnownFileType = text; path = runconf.list; sourceTree = "<group>"; };
		0EE9D0F4180C31DF0046AB83 /* testfile */ = {isa = PBXFileReference; lastKnownFileType = text; path = testfile; sourceTree = "<group>"; };
		0EE9D0F6180C31DF0046AB83 /* WORKLIST */ = {isa = PBXFileReference; lastKnownFileType = text; path = WORKLIST; sourceTree = "<group>"; };
		0EE9D0F8180C31DF0046AB83 /* backup_rotate_uv_timesteps.m */ = {isa = PBXFileReference; lastKnownFileType = sourcecode.c.objc; path = backup_rotate_uv_timesteps.m; sourceTree = "<group>"; };
		0EE9D0F9180C31E00046AB83 /* make_dates.py */ = {isa = PBXFileReference; lastKnownFileType = text.script.python; path = make_dates.py; sourceTree = "<group>"; };
		0EE9D0FA180C31E00046AB83 /* new_run.sh */ = {isa = PBXFileReference; lastKnownFileType = text.script.sh; path = new_run.sh; sourceTree = "<group>"; };
		0EE9D0FB180C31E00046AB83 /* plot_traj.py */ = {isa = PBXFileReference; lastKnownFileType = text.script.python; path = plot_traj.py; sourceTree = "<group>"; };
		0EE9D0FC180C31E00046AB83 /* rotate_batch.run */ = {isa = PBXFileReference; lastKnownFileType = text; path = rotate_batch.run; sourceTree = "<group>"; xcLanguageSpecificationIdentifier = xcode.lang.sh; };
		0EE9D0FD180C31E00046AB83 /* rotate_template.m */ = {isa = PBXFileReference; lastKnownFileType = sourcecode.c.objc; path = rotate_template.m; sourceTree = "<group>"; };
		0EE9D0FE180C31E00046AB83 /* rotate_uv_timesteps.m */ = {isa = PBXFileReference; lastKnownFileType = sourcecode.c.objc; path = rotate_uv_timesteps.m; sourceTree = "<group>"; };
		0EE9D100180C31E00046AB83 /* draw_traj_ascii.m */ = {isa = PBXFileReference; lastKnownFileType = sourcecode.c.objc; path = draw_traj_ascii.m; sourceTree = "<group>"; };
		0EE9D101180C31E00046AB83 /* draw_traj_netcdf.m */ = {isa = PBXFileReference; lastKnownFileType = sourcecode.c.objc; path = draw_traj_netcdf.m; sourceTree = "<group>"; };
		0EE9D102180C31E00046AB83 /* draw_velocities.m */ = {isa = PBXFileReference; lastKnownFileType = sourcecode.c.objc; path = draw_velocities.m; sourceTree = "<group>"; };
		0EE9D103180C31E00046AB83 /* make_mtx.m */ = {isa = PBXFileReference; lastKnownFileType = sourcecode.c.objc; path = make_mtx.m; sourceTree = "<group>"; };
		0EE9D104180C31E00046AB83 /* README.md */ = {isa = PBXFileReference; lastKnownFileType = text; name = README.md; path = ../README.md; sourceTree = "<group>"; };
		0EE9D106180C31E00046AB83 /* cms */ = {isa = PBXFileReference; lastKnownFileType = file; path = cms; sourceTree = "<group>"; };
		0EE9D107180C31E00046AB83 /* cms.f90 */ = {isa = PBXFileReference; lastKnownFileType = sourcecode.fortran.f90; path = cms.f90; sourceTree = "<group>"; };
		0EE9D108180C31E00046AB83 /* cms.o */ = {isa = PBXFileReference; lastKnownFileType = "compiled.mach-o.objfile"; path = cms.o; sourceTree = "<group>"; };
		0EE9D109180C31E00046AB83 /* constants.mod */ = {isa = PBXFileReference; lastKnownFileType = file; path = constants.mod; sourceTree = "<group>"; };
		0EE9D10A180C31E00046AB83 /* dealloc.f90 */ = {isa = PBXFileReference; lastKnownFileType = sourcecode.fortran.f90; path = dealloc.f90; sourceTree = "<group>"; };
		0EE9D10B180C31E00046AB83 /* dealloc.o */ = {isa = PBXFileReference; lastKnownFileType = "compiled.mach-o.objfile"; path = dealloc.o; sourceTree = "<group>"; };
		0EE9D10C180C31E00046AB83 /* def_constants.f90 */ = {isa = PBXFileReference; lastKnownFileType = sourcecode.fortran.f90; path = def_constants.f90; sourceTree = "<group>"; };
		0EE9D10D180C31E00046AB83 /* def_constants.o */ = {isa = PBXFileReference; lastKnownFileType = "compiled.mach-o.objfile"; path = def_constants.o; sourceTree = "<group>"; };
		0EE9D10E180C31E00046AB83 /* def_globalvariables.f90 */ = {isa = PBXFileReference; lastKnownFileType = sourcecode.fortran.f90; path = def_globalvariables.f90; sourceTree = "<group>"; };
		0EE9D10F180C31E00046AB83 /* def_globalvariables.o */ = {isa = PBXFileReference; lastKnownFileType = "compiled.mach-o.objfile"; path = def_globalvariables.o; sourceTree = "<group>"; };
		0EE9D110180C31E00046AB83 /* def_nests.f90 */ = {isa = PBXFileReference; lastKnownFileType = sourcecode.fortran.f90; path = def_nests.f90; sourceTree = "<group>"; };
		0EE9D111180C31E00046AB83 /* def_nests.mod */ = {isa = PBXFileReference; lastKnownFileType = file; path = def_nests.mod; sourceTree = "<group>"; };
		0EE9D112180C31E00046AB83 /* def_nests.o */ = {isa = PBXFileReference; lastKnownFileType = "compiled.mach-o.objfile"; path = def_nests.o; sourceTree = "<group>"; };
		0EE9D113180C31E00046AB83 /* def_particle.f90 */ = {isa = PBXFileReference; lastKnownFileType = sourcecode.fortran.f90; path = def_particle.f90; sourceTree = "<group>"; };
		0EE9D114180C31E00046AB83 /* def_particle.mod */ = {isa = PBXFileReference; lastKnownFileType = file; path = def_particle.mod; sourceTree = "<group>"; };
		0EE9D115180C31E00046AB83 /* def_particle.o */ = {isa = PBXFileReference; lastKnownFileType = "compiled.mach-o.objfile"; path = def_particle.o; sourceTree = "<group>"; };
		0EE9D116180C31E00046AB83 /* findnest.f90 */ = {isa = PBXFileReference; lastKnownFileType = sourcecode.fortran.f90; path = findnest.f90; sourceTree = "<group>"; };
		0EE9D117180C31E00046AB83 /* findnest.o */ = {isa = PBXFileReference; lastKnownFileType = "compiled.mach-o.objfile"; path = findnest.o; sourceTree = "<group>"; };
		0EE9D118180C31E00046AB83 /* fldinterp.f90 */ = {isa = PBXFileReference; lastKnownFileType = sourcecode.fortran.f90; path = fldinterp.f90; sourceTree = "<group>"; };
		0EE9D119180C31E00046AB83 /* fldinterp.o */ = {isa = PBXFileReference; lastKnownFileType = "compiled.mach-o.objfile"; path = fldinterp.o; sourceTree = "<group>"; };
		0EE9D11A180C31E00046AB83 /* getdata */ = {isa = PBXFileReference; lastKnownFileType = file; path = getdata; sourceTree = "<group>"; };
		0EE9D11B180C31E00046AB83 /* getdata.f90 */ = {isa = PBXFileReference; lastKnownFileType = sourcecode.fortran.f90; path = getdata.f90; sourceTree = "<group>"; };
		0EE9D11C180C31E00046AB83 /* getdata.o */ = {isa = PBXFileReference; lastKnownFileType = "compiled.mach-o.objfile"; path = getdata.o; sourceTree = "<group>"; };
		0EE9D11D180C31E00046AB83 /* getfilename.f90 */ = {isa = PBXFileReference; lastKnownFileType = sourcecode.fortran.f90; path = getfilename.f90; sourceTree = "<group>"; };
		0EE9D11E180C31E00046AB83 /* getfilename.o */ = {isa = PBXFileReference; lastKnownFileType = "compiled.mach-o.objfile"; path = getfilename.o; sourceTree = "<group>"; };
		0EE9D11F180C31E00046AB83 /* getnestinfo.f90 */ = {isa = PBXFileReference; lastKnownFileType = sourcecode.fortran.f90; path = getnestinfo.f90; sourceTree = "<group>"; };
		0EE9D120180C31E00046AB83 /* getnestinfo.o */ = {isa = PBXFileReference; lastKnownFileType = "compiled.mach-o.objfile"; path = getnestinfo.o; sourceTree = "<group>"; };
		0EE9D121180C31E00046AB83 /* getphysicaldata.f90 */ = {isa = PBXFileReference; lastKnownFileType = sourcecode.fortran.f90; path = getphysicaldata.f90; sourceTree = "<group>"; };
		0EE9D122180C31E00046AB83 /* getphysicaldata.o */ = {isa = PBXFileReference; lastKnownFileType = "compiled.mach-o.objfile"; path = getphysicaldata.o; sourceTree = "<group>"; };
		0EE9D123180C31E00046AB83 /* globalvariables.mod */ = {isa = PBXFileReference; lastKnownFileType = file; path = globalvariables.mod; sourceTree = "<group>"; };
		0EE9D124180C31E00046AB83 /* input.f90 */ = {isa = PBXFileReference; lastKnownFileType = sourcecode.fortran.f90; path = input.f90; sourceTree = "<group>"; };
		0EE9D125180C31E00046AB83 /* input.o */ = {isa = PBXFileReference; lastKnownFileType = "compiled.mach-o.objfile"; path = input.o; sourceTree = "<group>"; };
		0EE9D126180C31E00046AB83 /* lonlat2ij.f90 */ = {isa = PBXFileReference; lastKnownFileType = sourcecode.fortran.f90; path = lonlat2ij.f90; sourceTree = "<group>"; };
		0EE9D127180C31E00046AB83 /* lonlat2ij.o */ = {isa = PBXFileReference; lastKnownFileType = "compiled.mach-o.objfile"; path = lonlat2ij.o; sourceTree = "<group>"; };
		0EE9D128180C31E00046AB83 /* loop.f90 */ = {isa = PBXFileReference; lastKnownFileType = sourcecode.fortran.f90; path = loop.f90; sourceTree = "<group>"; };
		0EE9D129180C31E00046AB83 /* loop.o */ = {isa = PBXFileReference; lastKnownFileType = "compiled.mach-o.objfile"; path = loop.o; sourceTree = "<group>"; };
		0EE9D12A180C31E00046AB83 /* Makefile */ = {isa = PBXFileReference; lastKnownFileType = sourcecode.make; path = Makefile; sourceTree = "<group>"; };
		0EE9D12B180C31E00046AB83 /* mod_buoyancy.mod */ = {isa = PBXFileReference; lastKnownFileType = file; path = mod_buoyancy.mod; sourceTree = "<group>"; };
		0EE9D12C180C31E00046AB83 /* mod_buoyancy_larva.f90 */ = {isa = PBXFileReference; lastKnownFileType = sourcecode.fortran.f90; path = mod_buoyancy_larva.f90; sourceTree = "<group>"; };
		0EE9D12D180C31E00046AB83 /* mod_buoyancy_larva.o */ = {isa = PBXFileReference; lastKnownFileType = "compiled.mach-o.objfile"; path = mod_buoyancy_larva.o; sourceTree = "<group>"; };
		0EE9D12E180C31E00046AB83 /* mod_calendar.f90 */ = {isa = PBXFileReference; lastKnownFileType = sourcecode.fortran.f90; path = mod_calendar.f90; sourceTree = "<group>"; };
		0EE9D12F180C31E00046AB83 /* mod_calendar.mod */ = {isa = PBXFileReference; lastKnownFileType = file; path = mod_calendar.mod; sourceTree = "<group>"; };
		0EE9D130180C31E00046AB83 /* mod_calendar.o */ = {isa = PBXFileReference; lastKnownFileType = "compiled.mach-o.objfile"; path = mod_calendar.o; sourceTree = "<group>"; };
		0EE9D131180C31E00046AB83 /* mod_diffpart.f90 */ = {isa = PBXFileReference; lastKnownFileType = sourcecode.fortran.f90; path = mod_diffpart.f90; sourceTree = "<group>"; };
		0EE9D132180C31E00046AB83 /* mod_diffpart.mod */ = {isa = PBXFileReference; lastKnownFileType = file; path = mod_diffpart.mod; sourceTree = "<group>"; };
		0EE9D133180C31E00046AB83 /* mod_diffpart.o */ = {isa = PBXFileReference; lastKnownFileType = "compiled.mach-o.objfile"; path = mod_diffpart.o; sourceTree = "<group>"; };
		0EE9D134180C31E00046AB83 /* mod_directory.c */ = {isa = PBXFileReference; lastKnownFileType = sourcecode.c.c; path = mod_directory.c; sourceTree = "<group>"; };
		0EE9D135180C31E00046AB83 /* mod_directory.h */ = {isa = PBXFileReference; lastKnownFileType = sourcecode.c.h; path = mod_directory.h; sourceTree = "<group>"; };
		0EE9D136180C31E00046AB83 /* mod_directory.o */ = {isa = PBXFileReference; lastKnownFileType = "compiled.mach-o.objfile"; path = mod_directory.o; sourceTree = "<group>"; };
		0EE9D137180C31E00046AB83 /* mod_getdata.f90 */ = {isa = PBXFileReference; lastKnownFileType = sourcecode.fortran.f90; path = mod_getdata.f90; sourceTree = "<group>"; };
		0EE9D138180C31E00046AB83 /* mod_getdata.mod */ = {isa = PBXFileReference; lastKnownFileType = file; path = mod_getdata.mod; sourceTree = "<group>"; };
		0EE9D139180C31E00046AB83 /* mod_getdata.o */ = {isa = PBXFileReference; lastKnownFileType = "compiled.mach-o.objfile"; path = mod_getdata.o; sourceTree = "<group>"; };
		0EE9D13A180C31E00046AB83 /* mod_ibio.f90 */ = {isa = PBXFileReference; lastKnownFileType = sourcecode.fortran.f90; path = mod_ibio.f90; sourceTree = "<group>"; };
		0EE9D13B180C31E00046AB83 /* mod_ibio.mod */ = {isa = PBXFileReference; lastKnownFileType = file; path = mod_ibio.mod; sourceTree = "<group>"; };
		0EE9D13C180C31E00046AB83 /* mod_ibio.o */ = {isa = PBXFileReference; lastKnownFileType = "compiled.mach-o.objfile"; path = mod_ibio.o; sourceTree = "<group>"; };
		0EE9D13D180C31E00046AB83 /* mod_iounits.f90 */ = {isa = PBXFileReference; lastKnownFileType = sourcecode.fortran.f90; path = mod_iounits.f90; sourceTree = "<group>"; };
		0EE9D13E180C31E00046AB83 /* mod_iounits.mod */ = {isa = PBXFileReference; lastKnownFileType = file; path = mod_iounits.mod; sourceTree = "<group>"; };
		0EE9D13F180C31E00046AB83 /* mod_iounits.o */ = {isa = PBXFileReference; lastKnownFileType = "compiled.mach-o.objfile"; path = mod_iounits.o; sourceTree = "<group>"; };
		0EE9D140180C31E00046AB83 /* mod_kinds.f90 */ = {isa = PBXFileReference; lastKnownFileType = sourcecode.fortran.f90; path = mod_kinds.f90; sourceTree = "<group>"; };
		0EE9D141180C31E00046AB83 /* mod_kinds.mod */ = {isa = PBXFileReference; lastKnownFileType = file; path = mod_kinds.mod; sourceTree = "<group>"; };
		0EE9D142180C31E00046AB83 /* mod_kinds.o */ = {isa = PBXFileReference; lastKnownFileType = "compiled.mach-o.objfile"; path = mod_kinds.o; sourceTree = "<group>"; };
		0EE9D143180C31E00046AB83 /* mod_mixedlayerphysics.f90 */ = {isa = PBXFileReference; lastKnownFileType = sourcecode.fortran.f90; path = mod_mixedlayerphysics.f90; sourceTree = "<group>"; };
		0EE9D144180C31E00046AB83 /* mod_mixedlayerphysics.mod */ = {isa = PBXFileReference; lastKnownFileType = file; path = mod_mixedlayerphysics.mod; sourceTree = "<group>"; };
		0EE9D145180C31E00046AB83 /* mod_mixedlayerphysics.o */ = {isa = PBXFileReference; lastKnownFileType = "compiled.mach-o.objfile"; path = mod_mixedlayerphysics.o; sourceTree = "<group>"; };
		0EE9D146180C31E00046AB83 /* mod_mort.mod */ = {isa = PBXFileReference; lastKnownFileType = file; path = mod_mort.mod; sourceTree = "<group>"; };
		0EE9D147180C31E00046AB83 /* mod_mort_larva.f90 */ = {isa = PBXFileReference; lastKnownFileType = sourcecode.fortran.f90; path = mod_mort_larva.f90; sourceTree = "<group>"; };
		0EE9D148180C31E00046AB83 /* mod_mort_larva.o */ = {isa = PBXFileReference; lastKnownFileType = "compiled.mach-o.objfile"; path = mod_mort_larva.o; sourceTree = "<group>"; };
		0EE9D149180C31E00046AB83 /* mod_nciorw.f90 */ = {isa = PBXFileReference; lastKnownFileType = sourcecode.fortran.f90; path = mod_nciorw.f90; sourceTree = "<group>"; };
		0EE9D14A180C31E00046AB83 /* mod_nciorw.mod */ = {isa = PBXFileReference; lastKnownFileType = file; path = mod_nciorw.mod; sourceTree = "<group>"; };
		0EE9D14B180C31E00046AB83 /* mod_nciorw.o */ = {isa = PBXFileReference; lastKnownFileType = "compiled.mach-o.objfile"; path = mod_nciorw.o; sourceTree = "<group>"; };
		0EE9D14C180C31E00046AB83 /* mod_netcdf.f90 */ = {isa = PBXFileReference; lastKnownFileType = sourcecode.fortran.f90; path = mod_netcdf.f90; sourceTree = "<group>"; };
		0EE9D14D180C31E00046AB83 /* mod_netcdf.mod */ = {isa = PBXFileReference; lastKnownFileType = file; path = mod_netcdf.mod; sourceTree = "<group>"; };
		0EE9D14E180C31E00046AB83 /* mod_netcdf.o */ = {isa = PBXFileReference; lastKnownFileType = "compiled.mach-o.objfile"; path = mod_netcdf.o; sourceTree = "<group>"; };
		0EE9D14F180C31E00046AB83 /* mod_netcdfoutput.f90 */ = {isa = PBXFileReference; lastKnownFileType = sourcecode.fortran.f90; path = mod_netcdfoutput.f90; sourceTree = "<group>"; };
		0EE9D150180C31E00046AB83 /* mod_netcdfoutput.mod */ = {isa = PBXFileReference; lastKnownFileType = file; path = mod_netcdfoutput.mod; sourceTree = "<group>"; };
		0EE9D151180C31E00046AB83 /* mod_netcdfoutput.o */ = {isa = PBXFileReference; lastKnownFileType = "compiled.mach-o.objfile"; path = mod_netcdfoutput.o; sourceTree = "<group>"; };
		0EE9D152180C31E00046AB83 /* mod_random.f90 */ = {isa = PBXFileReference; lastKnownFileType = sourcecode.fortran.f90; path = mod_random.f90; sourceTree = "<group>"; };
		0EE9D153180C31E00046AB83 /* mod_random.mod */ = {isa = PBXFileReference; lastKnownFileType = file; path = mod_random.mod; sourceTree = "<group>"; };
		0EE9D154180C31E00046AB83 /* mod_random.o */ = {isa = PBXFileReference; lastKnownFileType = "compiled.mach-o.objfile"; path = mod_random.o; sourceTree = "<group>"; };
		0EE9D155180C31E00046AB83 /* mod_reef.f90 */ = {isa = PBXFileReference; lastKnownFileType = sourcecode.fortran.f90; path = mod_reef.f90; sourceTree = "<group>"; };
		0EE9D156180C31E00046AB83 /* mod_reef.mod */ = {isa = PBXFileReference; lastKnownFileType = file; path = mod_reef.mod; sourceTree = "<group>"; };
		0EE9D157180C31E00046AB83 /* mod_reef.o */ = {isa = PBXFileReference; lastKnownFileType = "compiled.mach-o.objfile"; path = mod_reef.o; sourceTree = "<group>"; };
		0EE9D158180C31E00046AB83 /* mod_turb.f90 */ = {isa = PBXFileReference; lastKnownFileType = sourcecode.fortran.f90; path = mod_turb.f90; sourceTree = "<group>"; };
		0EE9D159180C31E00046AB83 /* mod_turb.mod */ = {isa = PBXFileReference; lastKnownFileType = file; path = mod_turb.mod; sourceTree = "<group>"; };
		0EE9D15A180C31E00046AB83 /* mod_turb.o */ = {isa = PBXFileReference; lastKnownFileType = "compiled.mach-o.objfile"; path = mod_turb.o; sourceTree = "<group>"; };
		0EE9D15B180C31E00046AB83 /* move.f90 */ = {isa = PBXFileReference; lastKnownFileType = sourcecode.fortran.f90; path = move.f90; sourceTree = "<group>"; };
		0EE9D15C180C31E00046AB83 /* move.o */ = {isa = PBXFileReference; lastKnownFileType = "compiled.mach-o.objfile"; path = move.o; sourceTree = "<group>"; };
		0EE9D15D180C31E00046AB83 /* output.f90 */ = {isa = PBXFileReference; lastKnownFileType = sourcecode.fortran.f90; path = output.f90; sourceTree = "<group>"; };
		0EE9D15E180C31E00046AB83 /* output.o */ = {isa = PBXFileReference; lastKnownFileType = "compiled.mach-o.objfile"; path = output.o; sourceTree = "<group>"; };
		0EE9D15F180C31E00046AB83 /* restart.f90 */ = {isa = PBXFileReference; lastKnownFileType = sourcecode.fortran.f90; path = restart.f90; sourceTree = "<group>"; };
		0EE9D160180C31E00046AB83 /* restart.o */ = {isa = PBXFileReference; lastKnownFileType = "compiled.mach-o.objfile"; path = restart.o; sourceTree = "<group>"; };
		0EE9D161180C31E00046AB83 /* rungekutta.f90 */ = {isa = PBXFileReference; lastKnownFileType = sourcecode.fortran.f90; path = rungekutta.f90; sourceTree = "<group>"; };
		0EE9D162180C31E00046AB83 /* rungekutta.o */ = {isa = PBXFileReference; lastKnownFileType = "compiled.mach-o.objfile"; path = rungekutta.o; sourceTree = "<group>"; };
		0EE9D163180C31E00046AB83 /* updateloc.f90 */ = {isa = PBXFileReference; lastKnownFileType = sourcecode.fortran.f90; path = updateloc.f90; sourceTree = "<group>"; };
		0EE9D164180C31E00046AB83 /* updateloc.o */ = {isa = PBXFileReference; lastKnownFileType = "compiled.mach-o.objfile"; path = updateloc.o; sourceTree = "<group>"; };
		0EE9D165180C31E00046AB83 /* util.f90 */ = {isa = PBXFileReference; lastKnownFileType = sourcecode.fortran.f90; path = util.f90; sourceTree = "<group>"; };
		0EE9D166180C31E00046AB83 /* util.o */ = {isa = PBXFileReference; lastKnownFileType = "compiled.mach-o.objfile"; path = util.o; sourceTree = "<group>"; };
		0EE9D167180D8ABB0046AB83 /* TODO */ = {isa = PBXFileReference; lastKnownFileType = text; path = TODO; sourceTree = "<group>"; };
/* End PBXFileReference section */

/* Begin PBXGroup section */
		0EE9D073180C31CF0046AB83 = {
			isa = PBXGroup;
			children = (
				0EE9D07A180C31DF0046AB83 /* arch */,
				0EE9D07C180C31DF0046AB83 /* branch */,
				0EE9D08B180C31DF0046AB83 /* expt */,
				0EE9D0FF180C31E00046AB83 /* postproc */,
				0EE9D104180C31E00046AB83 /* README.md */,
				0EE9D105180C31E00046AB83 /* src */,
			);
			sourceTree = "<group>";
		};
		0EE9D07A180C31DF0046AB83 /* arch */ = {
			isa = PBXGroup;
			children = (
				0EE9D07B180C31DF0046AB83 /* mpi_compiler */,
			);
			name = arch;
			path = ../arch;
			sourceTree = "<group>";
		};
		0EE9D07C180C31DF0046AB83 /* branch */ = {
			isa = PBXGroup;
			children = (
				0EE9D07D180C31DF0046AB83 /* cms.f90 */,
				0EE9D07E180C31DF0046AB83 /* dealloc.f90 */,
				0EE9D07F180C31DF0046AB83 /* def_constants.f90 */,
				0EE9D080180C31DF0046AB83 /* def_globalvariables.f90 */,
				0EE9D081180C31DF0046AB83 /* def_nests.f90 */,
				0EE9D082180C31DF0046AB83 /* def_particle.f90 */,
				0EE9D083180C31DF0046AB83 /* findnest.f90 */,
				0EE9D084180C31DF0046AB83 /* fldinterp.f90 */,
				0EE9D085180C31DF0046AB83 /* getdata.f90 */,
				0EE9D086180C31DF0046AB83 /* getfilename.f90 */,
				0EE9D087180C31DF0046AB83 /* getnestinfo.f90 */,
				0EE9D088180C31DF0046AB83 /* getphysicaldata.f90 */,
				0EE9D089180C31DF0046AB83 /* input.f90 */,
				0EE9D08A180C31DF0046AB83 /* lonlat2ij.f90 */,
			);
			name = branch;
			path = ../branch;
			sourceTree = "<group>";
		};
		0EE9D08B180C31DF0046AB83 /* expt */ = {
			isa = PBXGroup;
			children = (
				0EE9D08C180C31DF0046AB83 /* cms */,
				0EE9D08D180C31DF0046AB83 /* expt_LGM */,
				0EE9D0A4180C31DF0046AB83 /* expt_LGM_fullyear */,
				0EE9D0AE180C31DF0046AB83 /* expt_RCP45m-aor */,
				0EE9D0BA180C31DF0046AB83 /* getdata */,
				0EE9D0BB180C31DF0046AB83 /* input_defaults */,
				0EE9D0C1180C31DF0046AB83 /* input_example */,
				0EE9D0C6180C31DF0046AB83 /* input_LGM */,
				0EE9D0D3180C31DF0046AB83 /* input_LGM_Control */,
				0EE9D0DA180C31DF0046AB83 /* input_LGM_Date */,
				0EE9D0E1180C31DF0046AB83 /* input_LGM_fullyear */,
				0EE9D0E8180C31DF0046AB83 /* input_RCP45m-aor */,
				0EE9D0F5180C31DF0046AB83 /* raw_inputs */,
				0EE9D0F7180C31DF0046AB83 /* scripts */,
			);
			name = expt;
			path = ../expt;
			sourceTree = "<group>";
		};
		0EE9D08D180C31DF0046AB83 /* expt_LGM */ = {
			isa = PBXGroup;
			children = (
				0EE9D08E180C31DF0046AB83 /* nests */,
				0EE9D092180C31DF0046AB83 /* output */,
				0EE9D097180C31DF0046AB83 /* SCRATCH */,
			);
			path = expt_LGM;
			sourceTree = "<group>";
		};
		0EE9D08E180C31DF0046AB83 /* nests */ = {
			isa = PBXGroup;
			children = (
				0EE9D08F180C31DF0046AB83 /* data_raw */,
				0EE9D090180C31DF0046AB83 /* data_raw.txt */,
				0EE9D091180C31DF0046AB83 /* make_dates.py */,
			);
			path = nests;
			sourceTree = "<group>";
		};
		0EE9D092180C31DF0046AB83 /* output */ = {
			isa = PBXGroup;
			children = (
				0EE9D093180C31DF0046AB83 /* figure_1.png */,
				0EE9D094180C31DF0046AB83 /* plot_seperate.py */,
				0EE9D095180C31DF0046AB83 /* plot_traj.py */,
				0EE9D096180C31DF0046AB83 /* plot_traj_depths.py */,
			);
			path = output;
			sourceTree = "<group>";
		};
		0EE9D097180C31DF0046AB83 /* SCRATCH */ = {
			isa = PBXGroup;
			children = (
				0EE9D098180C31DF0046AB83 /* restart_file_1.bin */,
				0EE9D099180C31DF0046AB83 /* restart_file_10.bin */,
				0EE9D09A180C31DF0046AB83 /* restart_file_11.bin */,
				0EE9D09B180C31DF0046AB83 /* restart_file_12.bin */,
				0EE9D09C180C31DF0046AB83 /* restart_file_2.bin */,
				0EE9D09D180C31DF0046AB83 /* restart_file_3.bin */,
				0EE9D09E180C31DF0046AB83 /* restart_file_4.bin */,
				0EE9D09F180C31DF0046AB83 /* restart_file_5.bin */,
				0EE9D0A0180C31DF0046AB83 /* restart_file_6.bin */,
				0EE9D0A1180C31DF0046AB83 /* restart_file_7.bin */,
				0EE9D0A2180C31DF0046AB83 /* restart_file_8.bin */,
				0EE9D0A3180C31DF0046AB83 /* restart_file_9.bin */,
			);
			path = SCRATCH;
			sourceTree = "<group>";
		};
		0EE9D0A4180C31DF0046AB83 /* expt_LGM_fullyear */ = {
			isa = PBXGroup;
			children = (
				0EE9D0A5180C31DF0046AB83 /* nests */,
				0EE9D0A9180C31DF0046AB83 /* output */,
				0EE9D0AC180C31DF0046AB83 /* SCRATCH */,
			);
			path = expt_LGM_fullyear;
			sourceTree = "<group>";
		};
		0EE9D0A5180C31DF0046AB83 /* nests */ = {
			isa = PBXGroup;
			children = (
				0EE9D0A6180C31DF0046AB83 /* data_raw */,
				0EE9D0A7180C31DF0046AB83 /* data_raw.txt */,
				0EE9D0A8180C31DF0046AB83 /* make_dates.py */,
			);
			path = nests;
			sourceTree = "<group>";
		};
		0EE9D0A9180C31DF0046AB83 /* output */ = {
			isa = PBXGroup;
			children = (
				0EE9D0AA180C31DF0046AB83 /* figure_1.png */,
				0EE9D0AB180C31DF0046AB83 /* plot_traj.py */,
			);
			path = output;
			sourceTree = "<group>";
		};
		0EE9D0AC180C31DF0046AB83 /* SCRATCH */ = {
			isa = PBXGroup;
			children = (
				0EE9D0AD180C31DF0046AB83 /* restart_file_1.bin */,
			);
			path = SCRATCH;
			sourceTree = "<group>";
		};
		0EE9D0AE180C31DF0046AB83 /* expt_RCP45m-aor */ = {
			isa = PBXGroup;
			children = (
				0EE9D0AF180C31DF0046AB83 /* nests */,
				0EE9D0B3180C31DF0046AB83 /* output */,
				0EE9D0B8180C31DF0046AB83 /* SCRATCH */,
			);
			path = "expt_RCP45m-aor";
			sourceTree = "<group>";
		};
		0EE9D0AF180C31DF0046AB83 /* nests */ = {
			isa = PBXGroup;
			children = (
				0EE9D0B0180C31DF0046AB83 /* data_raw */,
				0EE9D0B1180C31DF0046AB83 /* data_raw.txt */,
				0EE9D0B2180C31DF0046AB83 /* make_dates.py */,
			);
			path = nests;
			sourceTree = "<group>";
		};
		0EE9D0B3180C31DF0046AB83 /* output */ = {
			isa = PBXGroup;
			children = (
				0EE9D0B4180C31DF0046AB83 /* figure_1.png */,
				0EE9D0B5180C31DF0046AB83 /* plot_seperate.py */,
				0EE9D0B6180C31DF0046AB83 /* plot_traj.py */,
				0EE9D0B7180C31DF0046AB83 /* plot_traj_depths.py */,
			);
			path = output;
			sourceTree = "<group>";
		};
		0EE9D0B8180C31DF0046AB83 /* SCRATCH */ = {
			isa = PBXGroup;
			children = (
				0EE9D0B9180C31DF0046AB83 /* restart_file_1.bin */,
			);
			path = SCRATCH;
			sourceTree = "<group>";
		};
		0EE9D0BB180C31DF0046AB83 /* input_defaults */ = {
			isa = PBXGroup;
			children = (
				0EE9D0BC180C31DF0046AB83 /* ibm.list */,
				0EE9D0BD180C31DF0046AB83 /* nest_1.nml */,
				0EE9D0BE180C31DF0046AB83 /* releaseFile */,
				0EE9D0BF180C31DF0046AB83 /* releaseFile_new */,
				0EE9D0C0180C31DF0046AB83 /* runconf.list */,
			);
			path = input_defaults;
			sourceTree = "<group>";
		};
		0EE9D0C1180C31DF0046AB83 /* input_example */ = {
			isa = PBXGroup;
			children = (
				0EE9D0C2180C31DF0046AB83 /* ibm.list */,
				0EE9D0C3180C31DF0046AB83 /* nest_1.nml */,
				0EE9D0C4180C31DF0046AB83 /* releaseFile */,
				0EE9D0C5180C31DF0046AB83 /* runconf.list */,
			);
			path = input_example;
			sourceTree = "<group>";
		};
		0EE9D0C6180C31DF0046AB83 /* input_LGM */ = {
			isa = PBXGroup;
			children = (
				0EE9D0C7180C31DF0046AB83 /* ibm.list */,
				0EE9D0C8180C31DF0046AB83 /* nest_1.nml */,
				0EE9D0C9180C31DF0046AB83 /* releaseFile */,
				0EE9D0CA180C31DF0046AB83 /* releaseFile_AL */,
				0EE9D0CB180C31DF0046AB83 /* releaseFile_both */,
				0EE9D0CC180C31DF0046AB83 /* releaseFile_DW1 */,
				0EE9D0CD180C31DF0046AB83 /* releaseFile_EQ */,
				0EE9D0CE180C31DF0046AB83 /* releaseFile_NBC */,
				0EE9D0CF180C31DF0046AB83 /* releaseFile_new */,
				0EE9D0D0180C31DF0046AB83 /* releaseFile_STG */,
				0EE9D0D1180C31DF0046AB83 /* runconf.list */,
				0EE9D0D2180C31DF0046AB83 /* testfile */,
			);
			path = input_LGM;
			sourceTree = "<group>";
		};
		0EE9D0D3180C31DF0046AB83 /* input_LGM_Control */ = {
			isa = PBXGroup;
			children = (
				0EE9D0D4180C31DF0046AB83 /* ibm.list */,
				0EE9D0D5180C31DF0046AB83 /* nest_1.nml */,
				0EE9D0D6180C31DF0046AB83 /* nest_x.nml */,
				0EE9D0D7180C31DF0046AB83 /* releaseFile */,
				0EE9D0D8180C31DF0046AB83 /* releaseFile_new */,
				0EE9D0D9180C31DF0046AB83 /* runconf.list */,
			);
			path = input_LGM_Control;
			sourceTree = "<group>";
		};
		0EE9D0DA180C31DF0046AB83 /* input_LGM_Date */ = {
			isa = PBXGroup;
			children = (
				0EE9D0DB180C31DF0046AB83 /* ibm.list */,
				0EE9D0DC180C31DF0046AB83 /* nest_1.nml */,
				0EE9D0DD180C31DF0046AB83 /* nest_x.nml */,
				0EE9D0DE180C31DF0046AB83 /* releaseFile */,
				0EE9D0DF180C31DF0046AB83 /* releaseFile_new */,
				0EE9D0E0180C31DF0046AB83 /* runconf.list */,
			);
			path = input_LGM_Date;
			sourceTree = "<group>";
		};
		0EE9D0E1180C31DF0046AB83 /* input_LGM_fullyear */ = {
			isa = PBXGroup;
			children = (
				0EE9D0E2180C31DF0046AB83 /* ibm.list */,
				0EE9D0E3180C31DF0046AB83 /* nest_1.nml */,
				0EE9D0E4180C31DF0046AB83 /* nest_x.nml */,
				0EE9D0E5180C31DF0046AB83 /* releaseFile */,
				0EE9D0E6180C31DF0046AB83 /* releaseFile_new */,
				0EE9D0E7180C31DF0046AB83 /* runconf.list */,
			);
			path = input_LGM_fullyear;
			sourceTree = "<group>";
		};
		0EE9D0E8180C31DF0046AB83 /* input_RCP45m-aor */ = {
			isa = PBXGroup;
			children = (
				0EE9D0E9180C31DF0046AB83 /* ibm.list */,
				0EE9D0EA180C31DF0046AB83 /* nest_1.nml */,
				0EE9D0EB180C31DF0046AB83 /* releaseFile */,
				0EE9D0EC180C31DF0046AB83 /* releaseFile_AL */,
				0EE9D0ED180C31DF0046AB83 /* releaseFile_both */,
				0EE9D0EE180C31DF0046AB83 /* releaseFile_DW1 */,
				0EE9D0EF180C31DF0046AB83 /* releaseFile_EQ */,
				0EE9D0F0180C31DF0046AB83 /* releaseFile_NBC */,
				0EE9D0F1180C31DF0046AB83 /* releaseFile_new */,
				0EE9D0F2180C31DF0046AB83 /* releaseFile_SGT */,
				0EE9D0F3180C31DF0046AB83 /* runconf.list */,
				0EE9D0F4180C31DF0046AB83 /* testfile */,
			);
			path = "input_RCP45m-aor";
			sourceTree = "<group>";
		};
		0EE9D0F5180C31DF0046AB83 /* raw_inputs */ = {
			isa = PBXGroup;
			children = (
				0EE9D0F6180C31DF0046AB83 /* WORKLIST */,
			);
			path = raw_inputs;
			sourceTree = "<group>";
		};
		0EE9D0F7180C31DF0046AB83 /* scripts */ = {
			isa = PBXGroup;
			children = (
				0EE9D0F8180C31DF0046AB83 /* backup_rotate_uv_timesteps.m */,
				0EE9D0F9180C31E00046AB83 /* make_dates.py */,
				0EE9D0FA180C31E00046AB83 /* new_run.sh */,
				0EE9D0FB180C31E00046AB83 /* plot_traj.py */,
				0EE9D0FC180C31E00046AB83 /* rotate_batch.run */,
				0EE9D0FD180C31E00046AB83 /* rotate_template.m */,
				0EE9D167180D8ABB0046AB83 /* TODO */,
				0EB6ABDC180EAAFE00EDDB76 /* LOCAL_anim.py */,
				0EE9D0FE180C31E00046AB83 /* rotate_uv_timesteps.m */,
			);
			path = scripts;
			sourceTree = "<group>";
		};
		0EE9D0FF180C31E00046AB83 /* postproc */ = {
			isa = PBXGroup;
			children = (
				0EE9D100180C31E00046AB83 /* draw_traj_ascii.m */,
				0EE9D101180C31E00046AB83 /* draw_traj_netcdf.m */,
				0EE9D102180C31E00046AB83 /* draw_velocities.m */,
				0EE9D103180C31E00046AB83 /* make_mtx.m */,
			);
			name = postproc;
			path = ../postproc;
			sourceTree = "<group>";
		};
		0EE9D105180C31E00046AB83 /* src */ = {
			isa = PBXGroup;
			children = (
				0EE9D106180C31E00046AB83 /* cms */,
				0EE9D107180C31E00046AB83 /* cms.f90 */,
				0EE9D108180C31E00046AB83 /* cms.o */,
				0EE9D109180C31E00046AB83 /* constants.mod */,
				0EE9D10A180C31E00046AB83 /* dealloc.f90 */,
				0EE9D10B180C31E00046AB83 /* dealloc.o */,
				0EE9D10C180C31E00046AB83 /* def_constants.f90 */,
				0EE9D10D180C31E00046AB83 /* def_constants.o */,
				0EE9D10E180C31E00046AB83 /* def_globalvariables.f90 */,
				0EE9D10F180C31E00046AB83 /* def_globalvariables.o */,
				0EE9D110180C31E00046AB83 /* def_nests.f90 */,
				0EE9D111180C31E00046AB83 /* def_nests.mod */,
				0EE9D112180C31E00046AB83 /* def_nests.o */,
				0EE9D113180C31E00046AB83 /* def_particle.f90 */,
				0EE9D114180C31E00046AB83 /* def_particle.mod */,
				0EE9D115180C31E00046AB83 /* def_particle.o */,
				0EE9D116180C31E00046AB83 /* findnest.f90 */,
				0EE9D117180C31E00046AB83 /* findnest.o */,
				0EE9D118180C31E00046AB83 /* fldinterp.f90 */,
				0EE9D119180C31E00046AB83 /* fldinterp.o */,
				0EE9D11A180C31E00046AB83 /* getdata */,
				0EE9D11B180C31E00046AB83 /* getdata.f90 */,
				0EE9D11C180C31E00046AB83 /* getdata.o */,
				0EE9D11D180C31E00046AB83 /* getfilename.f90 */,
				0EE9D11E180C31E00046AB83 /* getfilename.o */,
				0EE9D11F180C31E00046AB83 /* getnestinfo.f90 */,
				0EE9D120180C31E00046AB83 /* getnestinfo.o */,
				0EE9D121180C31E00046AB83 /* getphysicaldata.f90 */,
				0EE9D122180C31E00046AB83 /* getphysicaldata.o */,
				0EE9D123180C31E00046AB83 /* globalvariables.mod */,
				0EE9D124180C31E00046AB83 /* input.f90 */,
				0EE9D125180C31E00046AB83 /* input.o */,
				0EE9D126180C31E00046AB83 /* lonlat2ij.f90 */,
				0EE9D127180C31E00046AB83 /* lonlat2ij.o */,
				0EE9D128180C31E00046AB83 /* loop.f90 */,
				0EE9D129180C31E00046AB83 /* loop.o */,
				0EE9D12A180C31E00046AB83 /* Makefile */,
				0EE9D12B180C31E00046AB83 /* mod_buoyancy.mod */,
				0EE9D12C180C31E00046AB83 /* mod_buoyancy_larva.f90 */,
				0EE9D12D180C31E00046AB83 /* mod_buoyancy_larva.o */,
				0EE9D12E180C31E00046AB83 /* mod_calendar.f90 */,
				0EE9D12F180C31E00046AB83 /* mod_calendar.mod */,
				0EE9D130180C31E00046AB83 /* mod_calendar.o */,
				0EE9D131180C31E00046AB83 /* mod_diffpart.f90 */,
				0EE9D132180C31E00046AB83 /* mod_diffpart.mod */,
				0EE9D133180C31E00046AB83 /* mod_diffpart.o */,
				0EE9D134180C31E00046AB83 /* mod_directory.c */,
				0EE9D135180C31E00046AB83 /* mod_directory.h */,
				0EE9D136180C31E00046AB83 /* mod_directory.o */,
				0EE9D137180C31E00046AB83 /* mod_getdata.f90 */,
				0EE9D138180C31E00046AB83 /* mod_getdata.mod */,
				0EE9D139180C31E00046AB83 /* mod_getdata.o */,
				0EE9D13A180C31E00046AB83 /* mod_ibio.f90 */,
				0EE9D13B180C31E00046AB83 /* mod_ibio.mod */,
				0EE9D13C180C31E00046AB83 /* mod_ibio.o */,
				0EE9D13D180C31E00046AB83 /* mod_iounits.f90 */,
				0EE9D13E180C31E00046AB83 /* mod_iounits.mod */,
				0EE9D13F180C31E00046AB83 /* mod_iounits.o */,
				0EE9D140180C31E00046AB83 /* mod_kinds.f90 */,
				0EE9D141180C31E00046AB83 /* mod_kinds.mod */,
				0EE9D142180C31E00046AB83 /* mod_kinds.o */,
				0EE9D143180C31E00046AB83 /* mod_mixedlayerphysics.f90 */,
				0EE9D144180C31E00046AB83 /* mod_mixedlayerphysics.mod */,
				0EE9D145180C31E00046AB83 /* mod_mixedlayerphysics.o */,
				0EE9D146180C31E00046AB83 /* mod_mort.mod */,
				0EE9D147180C31E00046AB83 /* mod_mort_larva.f90 */,
				0EE9D148180C31E00046AB83 /* mod_mort_larva.o */,
				0EE9D149180C31E00046AB83 /* mod_nciorw.f90 */,
				0EE9D14A180C31E00046AB83 /* mod_nciorw.mod */,
				0EE9D14B180C31E00046AB83 /* mod_nciorw.o */,
				0EE9D14C180C31E00046AB83 /* mod_netcdf.f90 */,
				0EE9D14D180C31E00046AB83 /* mod_netcdf.mod */,
				0EE9D14E180C31E00046AB83 /* mod_netcdf.o */,
				0EE9D14F180C31E00046AB83 /* mod_netcdfoutput.f90 */,
				0EE9D150180C31E00046AB83 /* mod_netcdfoutput.mod */,
				0EE9D151180C31E00046AB83 /* mod_netcdfoutput.o */,
				0EE9D152180C31E00046AB83 /* mod_random.f90 */,
				0EE9D153180C31E00046AB83 /* mod_random.mod */,
				0EE9D154180C31E00046AB83 /* mod_random.o */,
				0EE9D155180C31E00046AB83 /* mod_reef.f90 */,
				0EE9D156180C31E00046AB83 /* mod_reef.mod */,
				0EE9D157180C31E00046AB83 /* mod_reef.o */,
				0EE9D158180C31E00046AB83 /* mod_turb.f90 */,
				0EE9D159180C31E00046AB83 /* mod_turb.mod */,
				0EE9D15A180C31E00046AB83 /* mod_turb.o */,
				0EE9D15B180C31E00046AB83 /* move.f90 */,
				0EE9D15C180C31E00046AB83 /* move.o */,
				0EE9D15D180C31E00046AB83 /* output.f90 */,
				0EE9D15E180C31E00046AB83 /* output.o */,
				0EE9D15F180C31E00046AB83 /* restart.f90 */,
				0EE9D160180C31E00046AB83 /* restart.o */,
				0EE9D161180C31E00046AB83 /* rungekutta.f90 */,
				0EE9D162180C31E00046AB83 /* rungekutta.o */,
				0EE9D163180C31E00046AB83 /* updateloc.f90 */,
				0EE9D164180C31E00046AB83 /* updateloc.o */,
				0EE9D165180C31E00046AB83 /* util.f90 */,
				0EE9D166180C31E00046AB83 /* util.o */,
			);
			name = src;
			path = ../src;
			sourceTree = "<group>";
		};
/* End PBXGroup section */

/* Begin PBXProject section */
		0EE9D074180C31CF0046AB83 /* Project object */ = {
			isa = PBXProject;
			attributes = {
				LastUpgradeCheck = 0500;
			};
			buildConfigurationList = 0EE9D077180C31CF0046AB83 /* Build configuration list for PBXProject "tracers" */;
			compatibilityVersion = "Xcode 3.2";
			developmentRegion = English;
			hasScannedForEncodings = 0;
			knownRegions = (
				en,
			);
			mainGroup = 0EE9D073180C31CF0046AB83;
			projectDirPath = "";
			projectRoot = "";
			targets = (
			);
		};
/* End PBXProject section */

/* Begin XCBuildConfiguration section */
		0EE9D078180C31CF0046AB83 /* Debug */ = {
			isa = XCBuildConfiguration;
			buildSettings = {
			};
			name = Debug;
		};
		0EE9D079180C31CF0046AB83 /* Release */ = {
			isa = XCBuildConfiguration;
			buildSettings = {
			};
			name = Release;
		};
/* End XCBuildConfiguration section */

/* Begin XCConfigurationList section */
		0EE9D077180C31CF0046AB83 /* Build configuration list for PBXProject "tracers" */ = {
			isa = XCConfigurationList;
			buildConfigurations = (
				0EE9D078180C31CF0046AB83 /* Debug */,
				0EE9D079180C31CF0046AB83 /* Release */,
			);
			defaultConfigurationIsVisible = 0;
			defaultConfigurationName = Release;
		};
/* End XCConfigurationList section */
	};
	rootObject = 0EE9D074180C31CF0046AB83 /* Project object */;
}
